// !$*UTF8*$!
{
	archiveVersion = 1;
	classes = {
	};
	objectVersion = 55;
	objects = {

/* Begin PBXBuildFile section */
		BE14A59D28E444F4009F6957 /* TicTacToe WatchKit App.app in Embed Watch Content */ = {isa = PBXBuildFile; fileRef = BE14A59C28E444F4009F6957 /* TicTacToe WatchKit App.app */; settings = {ATTRIBUTES = (RemoveHeadersOnCopy, ); }; };
		BE14A5A228E444FB009F6957 /* Assets.xcassets in Resources */ = {isa = PBXBuildFile; fileRef = BE14A5A128E444FB009F6957 /* Assets.xcassets */; };
		BE14A5A828E444FB009F6957 /* TicTacToe WatchKit Extension.appex in Embed App Extensions */ = {isa = PBXBuildFile; fileRef = BE14A5A728E444FB009F6957 /* TicTacToe WatchKit Extension.appex */; settings = {ATTRIBUTES = (RemoveHeadersOnCopy, ); }; };
		BE14A5AF28E444FB009F6957 /* TicTacToeApp.swift in Sources */ = {isa = PBXBuildFile; fileRef = BE14A5AE28E444FB009F6957 /* TicTacToeApp.swift */; };
		BE14A5B328E444FC009F6957 /* Assets.xcassets in Resources */ = {isa = PBXBuildFile; fileRef = BE14A5B228E444FC009F6957 /* Assets.xcassets */; };
		BE14A5B628E444FC009F6957 /* Preview Assets.xcassets in Resources */ = {isa = PBXBuildFile; fileRef = BE14A5B528E444FC009F6957 /* Preview Assets.xcassets */; };
		BE59617828E44C8F00A5F8A4 /* StartView.swift in Sources */ = {isa = PBXBuildFile; fileRef = BE59617728E44C8F00A5F8A4 /* StartView.swift */; };
		BE59617A28E44E4C00A5F8A4 /* GameView.swift in Sources */ = {isa = PBXBuildFile; fileRef = BE59617928E44E4C00A5F8A4 /* GameView.swift */; };
		BE59617E28E44EEB00A5F8A4 /* GameService.swift in Sources */ = {isa = PBXBuildFile; fileRef = BE59617D28E44EEB00A5F8A4 /* GameService.swift */; };
		BE59618128E44EFC00A5F8A4 /* Game.swift in Sources */ = {isa = PBXBuildFile; fileRef = BE59618028E44EFC00A5F8A4 /* Game.swift */; };
		BE7C412E28E48209002BB29A /* GameViewModel.swift in Sources */ = {isa = PBXBuildFile; fileRef = BE7C412D28E48209002BB29A /* GameViewModel.swift */; };
		BE8D3E1128E457A900D81546 /* Move.swift in Sources */ = {isa = PBXBuildFile; fileRef = BE8D3E1028E457A900D81546 /* Move.swift */; };
		BE8D3E1328E457F600D81546 /* JoinRequest.swift in Sources */ = {isa = PBXBuildFile; fileRef = BE8D3E1228E457F600D81546 /* JoinRequest.swift */; };
		BE8D3E1528E4582000D81546 /* GameListEntry.swift in Sources */ = {isa = PBXBuildFile; fileRef = BE8D3E1428E4582000D81546 /* GameListEntry.swift */; };
		BE8D3E1728E470AC00D81546 /* StartViewModel.swift in Sources */ = {isa = PBXBuildFile; fileRef = BE8D3E1628E470AC00D81546 /* StartViewModel.swift */; };
/* End PBXBuildFile section */

/* Begin PBXContainerItemProxy section */
		BE14A59E28E444F4009F6957 /* PBXContainerItemProxy */ = {
			isa = PBXContainerItemProxy;
			containerPortal = BE14A59228E444F4009F6957 /* Project object */;
			proxyType = 1;
			remoteGlobalIDString = BE14A59B28E444F4009F6957;
			remoteInfo = "TicTacToe WatchKit App";
		};
		BE14A5A928E444FB009F6957 /* PBXContainerItemProxy */ = {
			isa = PBXContainerItemProxy;
			containerPortal = BE14A59228E444F4009F6957 /* Project object */;
			proxyType = 1;
			remoteGlobalIDString = BE14A5A628E444FB009F6957;
			remoteInfo = "TicTacToe WatchKit Extension";
		};
/* End PBXContainerItemProxy section */

/* Begin PBXCopyFilesBuildPhase section */
		BE14A5BD28E444FC009F6957 /* Embed App Extensions */ = {
			isa = PBXCopyFilesBuildPhase;
			buildActionMask = 2147483647;
			dstPath = "";
			dstSubfolderSpec = 13;
			files = (
				BE14A5A828E444FB009F6957 /* TicTacToe WatchKit Extension.appex in Embed App Extensions */,
			);
			name = "Embed App Extensions";
			runOnlyForDeploymentPostprocessing = 0;
		};
		BE14A5C128E444FC009F6957 /* Embed Watch Content */ = {
			isa = PBXCopyFilesBuildPhase;
			buildActionMask = 2147483647;
			dstPath = "$(CONTENTS_FOLDER_PATH)/Watch";
			dstSubfolderSpec = 16;
			files = (
				BE14A59D28E444F4009F6957 /* TicTacToe WatchKit App.app in Embed Watch Content */,
			);
			name = "Embed Watch Content";
			runOnlyForDeploymentPostprocessing = 0;
		};
/* End PBXCopyFilesBuildPhase section */

/* Begin PBXFileReference section */
		BE14A59828E444F4009F6957 /* TicTacToe.app */ = {isa = PBXFileReference; explicitFileType = wrapper.application; includeInIndex = 0; path = TicTacToe.app; sourceTree = BUILT_PRODUCTS_DIR; };
		BE14A59C28E444F4009F6957 /* TicTacToe WatchKit App.app */ = {isa = PBXFileReference; explicitFileType = wrapper.application; includeInIndex = 0; path = "TicTacToe WatchKit App.app"; sourceTree = BUILT_PRODUCTS_DIR; };
		BE14A5A128E444FB009F6957 /* Assets.xcassets */ = {isa = PBXFileReference; lastKnownFileType = folder.assetcatalog; path = Assets.xcassets; sourceTree = "<group>"; };
		BE14A5A728E444FB009F6957 /* TicTacToe WatchKit Extension.appex */ = {isa = PBXFileReference; explicitFileType = "wrapper.app-extension"; includeInIndex = 0; path = "TicTacToe WatchKit Extension.appex"; sourceTree = BUILT_PRODUCTS_DIR; };
		BE14A5AE28E444FB009F6957 /* TicTacToeApp.swift */ = {isa = PBXFileReference; lastKnownFileType = sourcecode.swift; path = TicTacToeApp.swift; sourceTree = "<group>"; };
		BE14A5B228E444FC009F6957 /* Assets.xcassets */ = {isa = PBXFileReference; lastKnownFileType = folder.assetcatalog; path = Assets.xcassets; sourceTree = "<group>"; };
		BE14A5B528E444FC009F6957 /* Preview Assets.xcassets */ = {isa = PBXFileReference; lastKnownFileType = folder.assetcatalog; path = "Preview Assets.xcassets"; sourceTree = "<group>"; };
		BE14A5B728E444FC009F6957 /* Info.plist */ = {isa = PBXFileReference; lastKnownFileType = text.plist.xml; path = Info.plist; sourceTree = "<group>"; };
		BE59617728E44C8F00A5F8A4 /* StartView.swift */ = {isa = PBXFileReference; lastKnownFileType = sourcecode.swift; path = StartView.swift; sourceTree = "<group>"; };
		BE59617928E44E4C00A5F8A4 /* GameView.swift */ = {isa = PBXFileReference; lastKnownFileType = sourcecode.swift; path = GameView.swift; sourceTree = "<group>"; };
		BE59617D28E44EEB00A5F8A4 /* GameService.swift */ = {isa = PBXFileReference; lastKnownFileType = sourcecode.swift; path = GameService.swift; sourceTree = "<group>"; };
		BE59618028E44EFC00A5F8A4 /* Game.swift */ = {isa = PBXFileReference; lastKnownFileType = sourcecode.swift; path = Game.swift; sourceTree = "<group>"; };
		BE7C412D28E48209002BB29A /* GameViewModel.swift */ = {isa = PBXFileReference; lastKnownFileType = sourcecode.swift; path = GameViewModel.swift; sourceTree = "<group>"; };
		BE8D3E1028E457A900D81546 /* Move.swift */ = {isa = PBXFileReference; lastKnownFileType = sourcecode.swift; path = Move.swift; sourceTree = "<group>"; };
		BE8D3E1228E457F600D81546 /* JoinRequest.swift */ = {isa = PBXFileReference; lastKnownFileType = sourcecode.swift; path = JoinRequest.swift; sourceTree = "<group>"; };
		BE8D3E1428E4582000D81546 /* GameListEntry.swift */ = {isa = PBXFileReference; lastKnownFileType = sourcecode.swift; path = GameListEntry.swift; sourceTree = "<group>"; };
		BE8D3E1628E470AC00D81546 /* StartViewModel.swift */ = {isa = PBXFileReference; lastKnownFileType = sourcecode.swift; path = StartViewModel.swift; sourceTree = "<group>"; };
/* End PBXFileReference section */

/* Begin PBXFrameworksBuildPhase section */
		BE14A5A428E444FB009F6957 /* Frameworks */ = {
			isa = PBXFrameworksBuildPhase;
			buildActionMask = 2147483647;
			files = (
			);
			runOnlyForDeploymentPostprocessing = 0;
		};
/* End PBXFrameworksBuildPhase section */

/* Begin PBXGroup section */
		BE14A59128E444F4009F6957 = {
			isa = PBXGroup;
			children = (
				BE14A5A028E444F4009F6957 /* TicTacToe WatchKit App */,
				BE14A5AB28E444FB009F6957 /* TicTacToe WatchKit Extension */,
				BE14A59928E444F4009F6957 /* Products */,
			);
			sourceTree = "<group>";
		};
		BE14A59928E444F4009F6957 /* Products */ = {
			isa = PBXGroup;
			children = (
				BE14A59828E444F4009F6957 /* TicTacToe.app */,
				BE14A59C28E444F4009F6957 /* TicTacToe WatchKit App.app */,
				BE14A5A728E444FB009F6957 /* TicTacToe WatchKit Extension.appex */,
			);
			name = Products;
			sourceTree = "<group>";
		};
		BE14A5A028E444F4009F6957 /* TicTacToe WatchKit App */ = {
			isa = PBXGroup;
			children = (
				BE14A5A128E444FB009F6957 /* Assets.xcassets */,
			);
			path = "TicTacToe WatchKit App";
			sourceTree = "<group>";
		};
		BE14A5AB28E444FB009F6957 /* TicTacToe WatchKit Extension */ = {
			isa = PBXGroup;
			children = (
				BE59617F28E44EEF00A5F8A4 /* Model */,
				BE59617C28E44ED100A5F8A4 /* Service */,
				BE59617B28E44E5F00A5F8A4 /* View */,
				BE14A5AE28E444FB009F6957 /* TicTacToeApp.swift */,
				BE14A5B228E444FC009F6957 /* Assets.xcassets */,
				BE14A5B728E444FC009F6957 /* Info.plist */,
				BE14A5B428E444FC009F6957 /* Preview Content */,
			);
			path = "TicTacToe WatchKit Extension";
			sourceTree = "<group>";
		};
		BE14A5B428E444FC009F6957 /* Preview Content */ = {
			isa = PBXGroup;
			children = (
				BE14A5B528E444FC009F6957 /* Preview Assets.xcassets */,
			);
			path = "Preview Content";
			sourceTree = "<group>";
		};
		BE59617B28E44E5F00A5F8A4 /* View */ = {
			isa = PBXGroup;
			children = (
				BE59617728E44C8F00A5F8A4 /* StartView.swift */,
				BE8D3E1628E470AC00D81546 /* StartViewModel.swift */,
				BE59617928E44E4C00A5F8A4 /* GameView.swift */,
				BE7C412D28E48209002BB29A /* GameViewModel.swift */,
			);
			path = View;
			sourceTree = "<group>";
		};
		BE59617C28E44ED100A5F8A4 /* Service */ = {
			isa = PBXGroup;
			children = (
				BE59617D28E44EEB00A5F8A4 /* GameService.swift */,
			);
			path = Service;
			sourceTree = "<group>";
		};
		BE59617F28E44EEF00A5F8A4 /* Model */ = {
			isa = PBXGroup;
			children = (
				BE59618028E44EFC00A5F8A4 /* Game.swift */,
				BE8D3E1028E457A900D81546 /* Move.swift */,
				BE8D3E1228E457F600D81546 /* JoinRequest.swift */,
				BE8D3E1428E4582000D81546 /* GameListEntry.swift */,
			);
			path = Model;
			sourceTree = "<group>";
		};
/* End PBXGroup section */

/* Begin PBXNativeTarget section */
		BE14A59728E444F4009F6957 /* TicTacToe */ = {
			isa = PBXNativeTarget;
			buildConfigurationList = BE14A5C228E444FC009F6957 /* Build configuration list for PBXNativeTarget "TicTacToe" */;
			buildPhases = (
				BE14A59628E444F4009F6957 /* Resources */,
				BE14A5C128E444FC009F6957 /* Embed Watch Content */,
			);
			buildRules = (
			);
			dependencies = (
				BE14A59F28E444F4009F6957 /* PBXTargetDependency */,
			);
			name = TicTacToe;
			productName = TicTacToe;
			productReference = BE14A59828E444F4009F6957 /* TicTacToe.app */;
			productType = "com.apple.product-type.application.watchapp2-container";
		};
		BE14A59B28E444F4009F6957 /* TicTacToe WatchKit App */ = {
			isa = PBXNativeTarget;
			buildConfigurationList = BE14A5BE28E444FC009F6957 /* Build configuration list for PBXNativeTarget "TicTacToe WatchKit App" */;
			buildPhases = (
				BE14A59A28E444F4009F6957 /* Resources */,
				BE14A5BD28E444FC009F6957 /* Embed App Extensions */,
			);
			buildRules = (
			);
			dependencies = (
				BE14A5AA28E444FB009F6957 /* PBXTargetDependency */,
			);
			name = "TicTacToe WatchKit App";
			productName = "TicTacToe WatchKit App";
			productReference = BE14A59C28E444F4009F6957 /* TicTacToe WatchKit App.app */;
			productType = "com.apple.product-type.application.watchapp2";
		};
		BE14A5A628E444FB009F6957 /* TicTacToe WatchKit Extension */ = {
			isa = PBXNativeTarget;
			buildConfigurationList = BE14A5BA28E444FC009F6957 /* Build configuration list for PBXNativeTarget "TicTacToe WatchKit Extension" */;
			buildPhases = (
				BE14A5A328E444FB009F6957 /* Sources */,
				BE14A5A428E444FB009F6957 /* Frameworks */,
				BE14A5A528E444FB009F6957 /* Resources */,
			);
			buildRules = (
			);
			dependencies = (
			);
			name = "TicTacToe WatchKit Extension";
			productName = "TicTacToe WatchKit Extension";
			productReference = BE14A5A728E444FB009F6957 /* TicTacToe WatchKit Extension.appex */;
			productType = "com.apple.product-type.watchkit2-extension";
		};
/* End PBXNativeTarget section */

/* Begin PBXProject section */
		BE14A59228E444F4009F6957 /* Project object */ = {
			isa = PBXProject;
			attributes = {
				BuildIndependentTargetsInParallel = 1;
				LastSwiftUpdateCheck = 1340;
				LastUpgradeCheck = 1340;
				TargetAttributes = {
					BE14A59728E444F4009F6957 = {
						CreatedOnToolsVersion = 13.4.1;
					};
					BE14A59B28E444F4009F6957 = {
						CreatedOnToolsVersion = 13.4.1;
					};
					BE14A5A628E444FB009F6957 = {
						CreatedOnToolsVersion = 13.4.1;
					};
				};
			};
			buildConfigurationList = BE14A59528E444F4009F6957 /* Build configuration list for PBXProject "TicTacToe" */;
			compatibilityVersion = "Xcode 13.0";
			developmentRegion = en;
			hasScannedForEncodings = 0;
			knownRegions = (
				en,
				Base,
			);
			mainGroup = BE14A59128E444F4009F6957;
			productRefGroup = BE14A59928E444F4009F6957 /* Products */;
			projectDirPath = "";
			projectRoot = "";
			targets = (
				BE14A59728E444F4009F6957 /* TicTacToe */,
				BE14A59B28E444F4009F6957 /* TicTacToe WatchKit App */,
				BE14A5A628E444FB009F6957 /* TicTacToe WatchKit Extension */,
			);
		};
/* End PBXProject section */

/* Begin PBXResourcesBuildPhase section */
		BE14A59628E444F4009F6957 /* Resources */ = {
			isa = PBXResourcesBuildPhase;
			buildActionMask = 2147483647;
			files = (
			);
			runOnlyForDeploymentPostprocessing = 0;
		};
		BE14A59A28E444F4009F6957 /* Resources */ = {
			isa = PBXResourcesBuildPhase;
			buildActionMask = 2147483647;
			files = (
				BE14A5A228E444FB009F6957 /* Assets.xcassets in Resources */,
			);
			runOnlyForDeploymentPostprocessing = 0;
		};
		BE14A5A528E444FB009F6957 /* Resources */ = {
			isa = PBXResourcesBuildPhase;
			buildActionMask = 2147483647;
			files = (
				BE14A5B628E444FC009F6957 /* Preview Assets.xcassets in Resources */,
				BE14A5B328E444FC009F6957 /* Assets.xcassets in Resources */,
			);
			runOnlyForDeploymentPostprocessing = 0;
		};
/* End PBXResourcesBuildPhase section */

/* Begin PBXSourcesBuildPhase section */
		BE14A5A328E444FB009F6957 /* Sources */ = {
			isa = PBXSourcesBuildPhase;
			buildActionMask = 2147483647;
			files = (
				BE14A5AF28E444FB009F6957 /* TicTacToeApp.swift in Sources */,
				BE59618128E44EFC00A5F8A4 /* Game.swift in Sources */,
				BE8D3E1328E457F600D81546 /* JoinRequest.swift in Sources */,
				BE59617828E44C8F00A5F8A4 /* StartView.swift in Sources */,
				BE8D3E1728E470AC00D81546 /* StartViewModel.swift in Sources */,
				BE59617A28E44E4C00A5F8A4 /* GameView.swift in Sources */,
				BE8D3E1128E457A900D81546 /* Move.swift in Sources */,
				BE8D3E1528E4582000D81546 /* GameListEntry.swift in Sources */,
				BE7C412E28E48209002BB29A /* GameViewModel.swift in Sources */,
				BE59617E28E44EEB00A5F8A4 /* GameService.swift in Sources */,
			);
			runOnlyForDeploymentPostprocessing = 0;
		};
/* End PBXSourcesBuildPhase section */

/* Begin PBXTargetDependency section */
		BE14A59F28E444F4009F6957 /* PBXTargetDependency */ = {
			isa = PBXTargetDependency;
			target = BE14A59B28E444F4009F6957 /* TicTacToe WatchKit App */;
			targetProxy = BE14A59E28E444F4009F6957 /* PBXContainerItemProxy */;
		};
		BE14A5AA28E444FB009F6957 /* PBXTargetDependency */ = {
			isa = PBXTargetDependency;
			target = BE14A5A628E444FB009F6957 /* TicTacToe WatchKit Extension */;
			targetProxy = BE14A5A928E444FB009F6957 /* PBXContainerItemProxy */;
		};
/* End PBXTargetDependency section */

/* Begin XCBuildConfiguration section */
		BE14A5B828E444FC009F6957 /* Debug */ = {
			isa = XCBuildConfiguration;
			buildSettings = {
				ALWAYS_SEARCH_USER_PATHS = NO;
				CLANG_ANALYZER_NONNULL = YES;
				CLANG_ANALYZER_NUMBER_OBJECT_CONVERSION = YES_AGGRESSIVE;
				CLANG_CXX_LANGUAGE_STANDARD = "gnu++17";
				CLANG_ENABLE_MODULES = YES;
				CLANG_ENABLE_OBJC_ARC = YES;
				CLANG_ENABLE_OBJC_WEAK = YES;
				CLANG_WARN_BLOCK_CAPTURE_AUTORELEASING = YES;
				CLANG_WARN_BOOL_CONVERSION = YES;
				CLANG_WARN_COMMA = YES;
				CLANG_WARN_CONSTANT_CONVERSION = YES;
				CLANG_WARN_DEPRECATED_OBJC_IMPLEMENTATIONS = YES;
				CLANG_WARN_DIRECT_OBJC_ISA_USAGE = YES_ERROR;
				CLANG_WARN_DOCUMENTATION_COMMENTS = YES;
				CLANG_WARN_EMPTY_BODY = YES;
				CLANG_WARN_ENUM_CONVERSION = YES;
				CLANG_WARN_INFINITE_RECURSION = YES;
				CLANG_WARN_INT_CONVERSION = YES;
				CLANG_WARN_NON_LITERAL_NULL_CONVERSION = YES;
				CLANG_WARN_OBJC_IMPLICIT_RETAIN_SELF = YES;
				CLANG_WARN_OBJC_LITERAL_CONVERSION = YES;
				CLANG_WARN_OBJC_ROOT_CLASS = YES_ERROR;
				CLANG_WARN_QUOTED_INCLUDE_IN_FRAMEWORK_HEADER = YES;
				CLANG_WARN_RANGE_LOOP_ANALYSIS = YES;
				CLANG_WARN_STRICT_PROTOTYPES = YES;
				CLANG_WARN_SUSPICIOUS_MOVE = YES;
				CLANG_WARN_UNGUARDED_AVAILABILITY = YES_AGGRESSIVE;
				CLANG_WARN_UNREACHABLE_CODE = YES;
				CLANG_WARN__DUPLICATE_METHOD_MATCH = YES;
				COPY_PHASE_STRIP = NO;
				DEBUG_INFORMATION_FORMAT = dwarf;
				ENABLE_STRICT_OBJC_MSGSEND = YES;
				ENABLE_TESTABILITY = YES;
				GCC_C_LANGUAGE_STANDARD = gnu11;
				GCC_DYNAMIC_NO_PIC = NO;
				GCC_NO_COMMON_BLOCKS = YES;
				GCC_OPTIMIZATION_LEVEL = 0;
				GCC_PREPROCESSOR_DEFINITIONS = (
					"DEBUG=1",
					"$(inherited)",
				);
				GCC_WARN_64_TO_32_BIT_CONVERSION = YES;
				GCC_WARN_ABOUT_RETURN_TYPE = YES_ERROR;
				GCC_WARN_UNDECLARED_SELECTOR = YES;
				GCC_WARN_UNINITIALIZED_AUTOS = YES_AGGRESSIVE;
				GCC_WARN_UNUSED_FUNCTION = YES;
				GCC_WARN_UNUSED_VARIABLE = YES;
				MTL_ENABLE_DEBUG_INFO = INCLUDE_SOURCE;
				MTL_FAST_MATH = YES;
				ONLY_ACTIVE_ARCH = YES;
				SDKROOT = iphoneos;
				SWIFT_ACTIVE_COMPILATION_CONDITIONS = DEBUG;
				SWIFT_OPTIMIZATION_LEVEL = "-Onone";
			};
			name = Debug;
		};
		BE14A5B928E444FC009F6957 /* Release */ = {
			isa = XCBuildConfiguration;
			buildSettings = {
				ALWAYS_SEARCH_USER_PATHS = NO;
				CLANG_ANALYZER_NONNULL = YES;
				CLANG_ANALYZER_NUMBER_OBJECT_CONVERSION = YES_AGGRESSIVE;
				CLANG_CXX_LANGUAGE_STANDARD = "gnu++17";
				CLANG_ENABLE_MODULES = YES;
				CLANG_ENABLE_OBJC_ARC = YES;
				CLANG_ENABLE_OBJC_WEAK = YES;
				CLANG_WARN_BLOCK_CAPTURE_AUTORELEASING = YES;
				CLANG_WARN_BOOL_CONVERSION = YES;
				CLANG_WARN_COMMA = YES;
				CLANG_WARN_CONSTANT_CONVERSION = YES;
				CLANG_WARN_DEPRECATED_OBJC_IMPLEMENTATIONS = YES;
				CLANG_WARN_DIRECT_OBJC_ISA_USAGE = YES_ERROR;
				CLANG_WARN_DOCUMENTATION_COMMENTS = YES;
				CLANG_WARN_EMPTY_BODY = YES;
				CLANG_WARN_ENUM_CONVERSION = YES;
				CLANG_WARN_INFINITE_RECURSION = YES;
				CLANG_WARN_INT_CONVERSION = YES;
				CLANG_WARN_NON_LITERAL_NULL_CONVERSION = YES;
				CLANG_WARN_OBJC_IMPLICIT_RETAIN_SELF = YES;
				CLANG_WARN_OBJC_LITERAL_CONVERSION = YES;
				CLANG_WARN_OBJC_ROOT_CLASS = YES_ERROR;
				CLANG_WARN_QUOTED_INCLUDE_IN_FRAMEWORK_HEADER = YES;
				CLANG_WARN_RANGE_LOOP_ANALYSIS = YES;
				CLANG_WARN_STRICT_PROTOTYPES = YES;
				CLANG_WARN_SUSPICIOUS_MOVE = YES;
				CLANG_WARN_UNGUARDED_AVAILABILITY = YES_AGGRESSIVE;
				CLANG_WARN_UNREACHABLE_CODE = YES;
				CLANG_WARN__DUPLICATE_METHOD_MATCH = YES;
				COPY_PHASE_STRIP = NO;
				DEBUG_INFORMATION_FORMAT = "dwarf-with-dsym";
				ENABLE_NS_ASSERTIONS = NO;
				ENABLE_STRICT_OBJC_MSGSEND = YES;
				GCC_C_LANGUAGE_STANDARD = gnu11;
				GCC_NO_COMMON_BLOCKS = YES;
				GCC_WARN_64_TO_32_BIT_CONVERSION = YES;
				GCC_WARN_ABOUT_RETURN_TYPE = YES_ERROR;
				GCC_WARN_UNDECLARED_SELECTOR = YES;
				GCC_WARN_UNINITIALIZED_AUTOS = YES_AGGRESSIVE;
				GCC_WARN_UNUSED_FUNCTION = YES;
				GCC_WARN_UNUSED_VARIABLE = YES;
				MTL_ENABLE_DEBUG_INFO = NO;
				MTL_FAST_MATH = YES;
				SDKROOT = iphoneos;
				SWIFT_COMPILATION_MODE = wholemodule;
				SWIFT_OPTIMIZATION_LEVEL = "-O";
				VALIDATE_PRODUCT = YES;
			};
			name = Release;
		};
		BE14A5BB28E444FC009F6957 /* Debug */ = {
			isa = XCBuildConfiguration;
			buildSettings = {
				ASSETCATALOG_COMPILER_COMPLICATION_NAME = Complication;
				CODE_SIGN_STYLE = Automatic;
				CURRENT_PROJECT_VERSION = 1;
				DEVELOPMENT_ASSET_PATHS = "\"TicTacToe WatchKit Extension/Preview Content\"";
				DEVELOPMENT_TEAM = 63NZMDFF7Z;
				ENABLE_PREVIEWS = YES;
				GENERATE_INFOPLIST_FILE = YES;
				INFOPLIST_FILE = "TicTacToe WatchKit Extension/Info.plist";
				INFOPLIST_KEY_CFBundleDisplayName = "TicTacToe WatchKit Extension";
				INFOPLIST_KEY_CLKComplicationPrincipalClass = "$(PRODUCT_MODULE_NAME).ComplicationController";
				INFOPLIST_KEY_NSHumanReadableCopyright = "";
				INFOPLIST_KEY_WKWatchOnly = YES;
				LD_RUNPATH_SEARCH_PATHS = (
					"$(inherited)",
					"@executable_path/Frameworks",
					"@executable_path/../../Frameworks",
				);
				MARKETING_VERSION = 1.0;
				PRODUCT_BUNDLE_IDENTIFIER = me.rhein.TicTacToe.watchkitapp.watchkitextension;
				PRODUCT_NAME = "${TARGET_NAME}";
				SDKROOT = watchos;
				SKIP_INSTALL = YES;
				SWIFT_EMIT_LOC_STRINGS = YES;
				SWIFT_VERSION = 5.0;
				TARGETED_DEVICE_FAMILY = 4;
				WATCHOS_DEPLOYMENT_TARGET = 9.0;
			};
			name = Debug;
		};
		BE14A5BC28E444FC009F6957 /* Release */ = {
			isa = XCBuildConfiguration;
			buildSettings = {
				ASSETCATALOG_COMPILER_COMPLICATION_NAME = Complication;
				CODE_SIGN_STYLE = Automatic;
				CURRENT_PROJECT_VERSION = 1;
				DEVELOPMENT_ASSET_PATHS = "\"TicTacToe WatchKit Extension/Preview Content\"";
				DEVELOPMENT_TEAM = 63NZMDFF7Z;
				ENABLE_PREVIEWS = YES;
				GENERATE_INFOPLIST_FILE = YES;
				INFOPLIST_FILE = "TicTacToe WatchKit Extension/Info.plist";
				INFOPLIST_KEY_CFBundleDisplayName = "TicTacToe WatchKit Extension";
				INFOPLIST_KEY_CLKComplicationPrincipalClass = "$(PRODUCT_MODULE_NAME).ComplicationController";
				INFOPLIST_KEY_NSHumanReadableCopyright = "";
				INFOPLIST_KEY_WKWatchOnly = YES;
				LD_RUNPATH_SEARCH_PATHS = (
					"$(inherited)",
					"@executable_path/Frameworks",
					"@executable_path/../../Frameworks",
				);
				MARKETING_VERSION = 1.0;
				PRODUCT_BUNDLE_IDENTIFIER = me.rhein.TicTacToe.watchkitapp.watchkitextension;
				PRODUCT_NAME = "${TARGET_NAME}";
				SDKROOT = watchos;
				SKIP_INSTALL = YES;
				SWIFT_EMIT_LOC_STRINGS = YES;
				SWIFT_VERSION = 5.0;
				TARGETED_DEVICE_FAMILY = 4;
				WATCHOS_DEPLOYMENT_TARGET = 9.0;
			};
			name = Release;
		};
		BE14A5BF28E444FC009F6957 /* Debug */ = {
			isa = XCBuildConfiguration;
			buildSettings = {
				ALWAYS_EMBED_SWIFT_STANDARD_LIBRARIES = YES;
				ASSETCATALOG_COMPILER_APPICON_NAME = AppIcon;
				ASSETCATALOG_COMPILER_GLOBAL_ACCENT_COLOR_NAME = AccentColor;
				CODE_SIGN_STYLE = Automatic;
				CURRENT_PROJECT_VERSION = 1;
				DEVELOPMENT_TEAM = 63NZMDFF7Z;
				GENERATE_INFOPLIST_FILE = YES;
				IBSC_MODULE = TicTacToe_WatchKit_Extension;
				INFOPLIST_KEY_CFBundleDisplayName = "TicTacToe WatchKit App";
				INFOPLIST_KEY_UISupportedInterfaceOrientations = "UIInterfaceOrientationPortrait UIInterfaceOrientationPortraitUpsideDown";
				MARKETING_VERSION = 1.0;
				PRODUCT_BUNDLE_IDENTIFIER = me.rhein.TicTacToe.watchkitapp;
				PRODUCT_NAME = "$(TARGET_NAME)";
				SDKROOT = watchos;
				SKIP_INSTALL = YES;
				SWIFT_EMIT_LOC_STRINGS = YES;
				SWIFT_VERSION = 5.0;
				TARGETED_DEVICE_FAMILY = 4;
				WATCHOS_DEPLOYMENT_TARGET = 9.0;
			};
			name = Debug;
		};
		BE14A5C028E444FC009F6957 /* Release */ = {
			isa = XCBuildConfiguration;
			buildSettings = {
				ALWAYS_EMBED_SWIFT_STANDARD_LIBRARIES = YES;
				ASSETCATALOG_COMPILER_APPICON_NAME = AppIcon;
				ASSETCATALOG_COMPILER_GLOBAL_ACCENT_COLOR_NAME = AccentColor;
				CODE_SIGN_STYLE = Automatic;
				CURRENT_PROJECT_VERSION = 1;
				DEVELOPMENT_TEAM = 63NZMDFF7Z;
				GENERATE_INFOPLIST_FILE = YES;
				IBSC_MODULE = TicTacToe_WatchKit_Extension;
				INFOPLIST_KEY_CFBundleDisplayName = "TicTacToe WatchKit App";
				INFOPLIST_KEY_UISupportedInterfaceOrientations = "UIInterfaceOrientationPortrait UIInterfaceOrientationPortraitUpsideDown";
				MARKETING_VERSION = 1.0;
				PRODUCT_BUNDLE_IDENTIFIER = me.rhein.TicTacToe.watchkitapp;
				PRODUCT_NAME = "$(TARGET_NAME)";
				SDKROOT = watchos;
				SKIP_INSTALL = YES;
				SWIFT_EMIT_LOC_STRINGS = YES;
				SWIFT_VERSION = 5.0;
				TARGETED_DEVICE_FAMILY = 4;
				WATCHOS_DEPLOYMENT_TARGET = 9.0;
			};
			name = Release;
		};
		BE14A5C328E444FC009F6957 /* Debug */ = {
			isa = XCBuildConfiguration;
			buildSettings = {
				CODE_SIGN_STYLE = Automatic;
				CURRENT_PROJECT_VERSION = 1;
				DEVELOPMENT_TEAM = 63NZMDFF7Z;
				IPHONEOS_DEPLOYMENT_TARGET = 16.0;
				MARKETING_VERSION = 1.0;
				PRODUCT_BUNDLE_IDENTIFIER = me.rhein.TicTacToe;
				PRODUCT_NAME = "$(TARGET_NAME)";
				SWIFT_VERSION = 5.0;
			};
			name = Debug;
		};
		BE14A5C428E444FC009F6957 /* Release */ = {
			isa = XCBuildConfiguration;
			buildSettings = {
				CODE_SIGN_STYLE = Automatic;
				CURRENT_PROJECT_VERSION = 1;
				DEVELOPMENT_TEAM = 63NZMDFF7Z;
				IPHONEOS_DEPLOYMENT_TARGET = 16.0;
				MARKETING_VERSION = 1.0;
				PRODUCT_BUNDLE_IDENTIFIER = me.rhein.TicTacToe;
				PRODUCT_NAME = "$(TARGET_NAME)";
				SWIFT_VERSION = 5.0;
			};
			name = Release;
		};
/* End XCBuildConfiguration section */

/* Begin XCConfigurationList section */
		BE14A59528E444F4009F6957 /* Build configuration list for PBXProject "TicTacToe" */ = {
			isa = XCConfigurationList;
			buildConfigurations = (
				BE14A5B828E444FC009F6957 /* Debug */,
				BE14A5B928E444FC009F6957 /* Release */,
			);
			defaultConfigurationIsVisible = 0;
			defaultConfigurationName = Release;
		};
		BE14A5BA28E444FC009F6957 /* Build configuration list for PBXNativeTarget "TicTacToe WatchKit Extension" */ = {
			isa = XCConfigurationList;
			buildConfigurations = (
				BE14A5BB28E444FC009F6957 /* Debug */,
				BE14A5BC28E444FC009F6957 /* Release */,
			);
			defaultConfigurationIsVisible = 0;
			defaultConfigurationName = Release;
		};
		BE14A5BE28E444FC009F6957 /* Build configuration list for PBXNativeTarget "TicTacToe WatchKit App" */ = {
			isa = XCConfigurationList;
			buildConfigurations = (
				BE14A5BF28E444FC009F6957 /* Debug */,
				BE14A5C028E444FC009F6957 /* Release */,
			);
			defaultConfigurationIsVisible = 0;
			defaultConfigurationName = Release;
		};
		BE14A5C228E444FC009F6957 /* Build configuration list for PBXNativeTarget "TicTacToe" */ = {
			isa = XCConfigurationList;
			buildConfigurations = (
				BE14A5C328E444FC009F6957 /* Debug */,
				BE14A5C428E444FC009F6957 /* Release */,
			);
			defaultConfigurationIsVisible = 0;
			defaultConfigurationName = Release;
		};
/* End XCConfigurationList section */
	};
	rootObject = BE14A59228E444F4009F6957 /* Project object */;
}
